{
  "pins" : [
    {
      "identity" : "spicekey",
      "kind" : "remoteSourceControl",
      "location" : "https://github.com/Kyome22/SpiceKey.git",
      "state" : {
        "revision" : "0847c3300438ffb6deff4c4154f44d4cea4e7d12",
        "version" : "5.1.0"
      }
    }
  ],
  "version" : 2
}
